
Microsoft Visual Studio Solution File, Format Version 12.00
# Visual Studio Version 17
VisualStudioVersion = 17.3.32922.545
MinimumVisualStudioVersion = 10.0.40219.1
Project("{FAE04EC0-301F-11D3-BF4B-00C04F79EFBC}") = "PhotoAlbum.Run", "PhotoAlbum.Run\PhotoAlbum.Run.csproj", "{EE89290C-9A33-423E-901A-747538B3737D}"
EndProject
Project("{FAE04EC0-301F-11D3-BF4B-00C04F79EFBC}") = "PhotoAlbum.Business", "PhotoAlbum.Business\PhotoAlbum.Business.csproj", "{D704B9D0-18C4-431B-BAF8-1BE8776E34B8}"
EndProject
Project("{FAE04EC0-301F-11D3-BF4B-00C04F79EFBC}") = "PhotoAlbum.Tests", "PhotoAlbum.Tests\PhotoAlbum.Tests.csproj", "{8BE69305-187D-433B-9A86-53DA177B501E}"
EndProject
Global
	GlobalSection(SolutionConfigurationPlatforms) = preSolution
		Debug|Any CPU = Debug|Any CPU
		Release|Any CPU = Release|Any CPU
	EndGlobalSection
	GlobalSection(ProjectConfigurationPlatforms) = postSolution
		{EE89290C-9A33-423E-901A-747538B3737D}.Debug|Any CPU.ActiveCfg = Debug|Any CPU
		{EE89290C-9A33-423E-901A-747538B3737D}.Debug|Any CPU.Build.0 = Debug|Any CPU
		{EE89290C-9A33-423E-901A-747538B3737D}.Release|Any CPU.ActiveCfg = Release|Any CPU
		{EE89290C-9A33-423E-901A-747538B3737D}.Release|Any CPU.Build.0 = Release|Any CPU
		{D704B9D0-18C4-431B-BAF8-1BE8776E34B8}.Debug|Any CPU.ActiveCfg = Debug|Any CPU
		{D704B9D0-18C4-431B-BAF8-1BE8776E34B8}.Debug|Any CPU.Build.0 = Debug|Any CPU
		{D704B9D0-18C4-431B-BAF8-1BE8776E34B8}.Release|Any CPU.ActiveCfg = Release|Any CPU
		{D704B9D0-18C4-431B-BAF8-1BE8776E34B8}.Release|Any CPU.Build.0 = Release|Any CPU
		{8BE69305-187D-433B-9A86-53DA177B501E}.Debug|Any CPU.ActiveCfg = Debug|Any CPU
		{8BE69305-187D-433B-9A86-53DA177B501E}.Debug|Any CPU.Build.0 = Debug|Any CPU
		{8BE69305-187D-433B-9A86-53DA177B501E}.Release|Any CPU.ActiveCfg = Release|Any CPU
		{8BE69305-187D-433B-9A86-53DA177B501E}.Release|Any CPU.Build.0 = Release|Any CPU
	EndGlobalSection
	GlobalSection(SolutionProperties) = preSolution
		HideSolutionNode = FALSE
	EndGlobalSection
	GlobalSection(ExtensibilityGlobals) = postSolution
		SolutionGuid = {2DB5AEC5-4F1C-4299-8FF5-4F978E34D624}
	EndGlobalSection
EndGlobal
